
Microsoft Visual Studio Solution File, Format Version 12.00
# Visual Studio Version 16
VisualStudioVersion = 16.0.29905.134
MinimumVisualStudioVersion = 10.0.40219.1
Project("{FAE04EC0-301F-11D3-BF4B-00C04F79EFBC}") = "ArashiDNS.Q", "ArashiDNS.Q\ArashiDNS.Q.csproj", "{0B92F720-646A-45C1-97F1-E9D9FA5240E7}"
EndProject
Global
	GlobalSection(SolutionConfigurationPlatforms) = preSolution
		Debug|Any CPU = Debug|Any CPU
		Release|Any CPU = Release|Any CPU
	EndGlobalSection
	GlobalSection(ProjectConfigurationPlatforms) = postSolution
		{0B92F720-646A-45C1-97F1-E9D9FA5240E7}.Debug|Any CPU.ActiveCfg = Debug|Any CPU
		{0B92F720-646A-45C1-97F1-E9D9FA5240E7}.Debug|Any CPU.Build.0 = Debug|Any CPU
		{0B92F720-646A-45C1-97F1-E9D9FA5240E7}.Release|Any CPU.ActiveCfg = Release|Any CPU
		{0B92F720-646A-45C1-97F1-E9D9FA5240E7}.Release|Any CPU.Build.0 = Release|Any CPU
	EndGlobalSection
	GlobalSection(SolutionProperties) = preSolution
		HideSolutionNode = FALSE
	EndGlobalSection
	GlobalSection(ExtensibilityGlobals) = postSolution
		SolutionGuid = {387A07E2-B6A2-4802-BC48-98597C5509F6}
	EndGlobalSection
EndGlobal
